%{
  "bbmustache": {:hex, :bbmustache, "1.0.4", "7ba94f971c5afd7b6617918a4bb74705e36cab36eb84b19b6a1b7ee06427aa38", [:rebar], []},
  "certifi": {:hex, :certifi, "2.4.2", "75424ff0f3baaccfd34b1214184b6ef616d89e420b258bb0a5ea7d7bc628f7f0", [:rebar3], [{:parse_trans, "~>3.3", [hex: :parse_trans, repo: "hexpm", optional: false]}], "hexpm"},
  "cf": {:hex, :cf, "0.2.1", "69d0b1349fd4d7d4dc55b7f407d29d7a840bf9a1ef5af529f1ebe0ce153fc2ab", [:rebar3], []},
  "combine": {:hex, :combine, "0.10.0", "eff8224eeb56498a2af13011d142c5e7997a80c8f5b97c499f84c841032e429f", [:mix], [], "hexpm"},
  "cowboy": {:hex, :cowboy, "1.0.4", "a324a8df9f2316c833a470d918aaf73ae894278b8aa6226ce7a9bf699388f878", [:make, :rebar], [{:cowlib, "~> 1.0.0", [hex: :cowlib, optional: false]}, {:ranch, "~> 1.0", [hex: :ranch, optional: false]}]},
  "cowlib": {:hex, :cowlib, "1.0.2", "9d769a1d062c9c3ac753096f868ca121e2730b9a377de23dec0f7e08b1df84ee", [:make], []},
  "distillery": {:hex, :distillery, "0.10.1", "14fccade4b8ab849b99e21c4bdfaa1092dbacdce8afd33f5c369c6e114385b0e", [:mix], []},
  "elixir_ale": {:hex, :elixir_ale, "0.5.7", "f6b978dd30dc3ecf2b5feaef862d30873c6a6fdca41fc7f6bb743d6783b3fe4b", [:make, :mix], [{:elixir_make, "~> 0.4", [hex: :elixir_make, optional: false]}]},
  "elixir_make": {:hex, :elixir_make, "0.4.0", "992f38fabe705bb45821a728f20914c554b276838433349d4f2341f7a687cddf", [:mix], []},
  "erlware_commons": {:hex, :erlware_commons, "0.19.0", "7b43caf2c91950c5f60dc20451e3c3afba44d3d4f7f27bcdc52469285a5a3e70", [:rebar3], [{:cf, "0.2.1", [hex: :cf, optional: false]}]},
  "espec": {:hex, :espec, "0.8.18"},
  "exlager": {:git, "https://github.com/khia/exlager.git", "84f3baf2cfdb0b4f77645df12a138b7962bb581a", []},
  "exrm": {:git, "https://github.com/bitwalker/exrm.git", "61daf5b6b742fb1195acb90cffe1a518e35c40ec", []},
  "extruder": {:git, "https://github.com/eloy/extruder.git", "3adfb8c024edc734aa3f721cbb2c53b1ac977389", []},
  "getopt": {:hex, :getopt, "0.8.2", "b17556db683000ba50370b16c0619df1337e7af7ecbf7d64fbf8d1d6bce3109b", [:rebar], []},
  "gettext": {:hex, :gettext, "0.16.0", "4a7e90408cef5f1bf57c5a39e2db8c372a906031cc9b1466e963101cb927dafc", [:mix], [], "hexpm"},
  "goldrush": {:git, "git://github.com/DeadZen/goldrush.git", "212299233c7e7eb63a97be2777e1c05ebaa58dbe", [tag: "0.1.8"]},
  "hackney": {:hex, :hackney, "1.14.3", "b5f6f5dcc4f1fba340762738759209e21914516df6be440d85772542d4a5e412", [:rebar3], [{:certifi, "2.4.2", [hex: :certifi, repo: "hexpm", optional: false]}, {:idna, "6.0.0", [hex: :idna, repo: "hexpm", optional: false]}, {:metrics, "1.0.1", [hex: :metrics, repo: "hexpm", optional: false]}, {:mimerl, "1.0.2", [hex: :mimerl, repo: "hexpm", optional: false]}, {:ssl_verify_fun, "1.1.4", [hex: :ssl_verify_fun, repo: "hexpm", optional: false]}], "hexpm"},
  "hexate": {:hex, :hexate, "0.6.1", "1cea42e462c1daa32223127d4752e71016c3d933d492b9bb7fa4709a4a0fd50d", [:mix], []},
  "idna": {:hex, :idna, "6.0.0", "689c46cbcdf3524c44d5f3dde8001f364cd7608a99556d8fbd8239a5798d4c10", [:rebar3], [{:unicode_util_compat, "0.4.1", [hex: :unicode_util_compat, repo: "hexpm", optional: false]}], "hexpm"},
  "lager": {:git, "https://github.com/basho/lager.git", "45fe95ba6cd964b7a667394c4e671a5afe8f5a42", []},
  "meck": {:hex, :meck, "0.8.4"},
  "metrics": {:hex, :metrics, "1.0.1", "25f094dea2cda98213cecc3aeff09e940299d950904393b2a29d191c346a8486", [:rebar3], [], "hexpm"},
  "mime": {:hex, :mime, "1.0.1", "05c393850524767d13a53627df71beeebb016205eb43bfbd92d14d24ec7a1b51", [:mix], []},
  "mimerl": {:hex, :mimerl, "1.0.2", "993f9b0e084083405ed8252b99460c4f0563e41729ab42d9074fd5e52439be88", [:rebar3], [], "hexpm"},
  "msgpack": {:hex, :msgpack, "0.5.0", "05e87ba33ef98109ffb408c6bf4acfa892fccb1b6054bb52233bef1537e38a33", [:rebar3], []},
  "parse_trans": {:hex, :parse_trans, "3.3.0", "09765507a3c7590a784615cfd421d101aec25098d50b89d7aa1d66646bc571c1", [:rebar3], [], "hexpm"},
  "plug": {:hex, :plug, "1.2.2", "cfbda521b54c92ab8ddffb173fbaabed8d8fc94bec07cd9bb58a84c1c501b0bd", [:mix], [{:cowboy, "~> 1.0", [hex: :cowboy, optional: true]}, {:mime, "~> 1.0", [hex: :mime, optional: false]}]},
  "poison": {:hex, :poison, "1.5.2", "560bdfb7449e3ddd23a096929fb9fc2122f709bcc758b2d5d5a5c7d0ea848910", [:mix], []},
  "providers": {:hex, :providers, "1.6.0", "db0e2f9043ae60c0155205fcd238d68516331d0e5146155e33d1e79dc452964a", [:rebar3], [{:getopt, "0.8.2", [hex: :getopt, optional: false]}]},
  "ranch": {:hex, :ranch, "1.2.1", "a6fb992c10f2187b46ffd17ce398ddf8a54f691b81768f9ef5f461ea7e28c762", [:make], []},
  "ssl_verify_fun": {:hex, :ssl_verify_fun, "1.1.4", "f0eafff810d2041e93f915ef59899c923f4568f4585904d010387ed74988e77b", [:make, :mix, :rebar3], [], "hexpm"},
  "timex": {:hex, :timex, "3.4.1", "e63fc1a37453035e534c3febfe9b6b9e18583ec7b37fd9c390efdef97397d70b", [:mix], [{:combine, "~> 0.10", [hex: :combine, repo: "hexpm", optional: false]}, {:gettext, "~> 0.10", [hex: :gettext, repo: "hexpm", optional: false]}, {:tzdata, "~> 0.1.8 or ~> 0.5", [hex: :tzdata, repo: "hexpm", optional: false]}], "hexpm"},
  "tzdata": {:hex, :tzdata, "0.5.19", "7962a3997bf06303b7d1772988ede22260f3dae1bf897408ebdac2b4435f4e6a", [:mix], [{:hackney, "~> 1.0", [hex: :hackney, repo: "hexpm", optional: false]}], "hexpm"},
  "unicode_util_compat": {:hex, :unicode_util_compat, "0.4.1", "d869e4c68901dd9531385bb0c8c40444ebf624e60b6962d95952775cac5e90cd", [:rebar3], [], "hexpm"},
}
